// !$*UTF8*$!
{
	archiveVersion = 1;
	classes = {
	};
	objectVersion = 77;
	objects = {

/* Begin PBXBuildFile section */
		E9187EB42CB5757900FC745E /* answers.md in Resources */ = {isa = PBXBuildFile; fileRef = E9187EB22CB5756F00FC745E /* answers.md */; };
		E9FF91472D00924400164D2F /* pres_swiftui_animation.pdf in Resources */ = {isa = PBXBuildFile; fileRef = E9FF91462D00924400164D2F /* pres_swiftui_animation.pdf */; };
/* End PBXBuildFile section */

/* Begin PBXContainerItemProxy section */
		E909E0272CB51B6300E66E3E /* PBXContainerItemProxy */ = {
			isa = PBXContainerItemProxy;
			containerPortal = E909E00E2CB51B5500E66E3E /* Project object */;
			proxyType = 1;
			remoteGlobalIDString = E909E0152CB51B5500E66E3E;
			remoteInfo = M2_natif_ios;
		};
		E909E0312CB51B6300E66E3E /* PBXContainerItemProxy */ = {
			isa = PBXContainerItemProxy;
			containerPortal = E909E00E2CB51B5500E66E3E /* Project object */;
			proxyType = 1;
			remoteGlobalIDString = E909E0152CB51B5500E66E3E;
			remoteInfo = M2_natif_ios;
		};
/* End PBXContainerItemProxy section */

/* Begin PBXFileReference section */
		E909E0162CB51B5500E66E3E /* M2_natif_ios.app */ = {isa = PBXFileReference; explicitFileType = wrapper.application; includeInIndex = 0; path = M2_natif_ios.app; sourceTree = BUILT_PRODUCTS_DIR; };
		E909E0262CB51B6300E66E3E /* M2_natif_iosTests.xctest */ = {isa = PBXFileReference; explicitFileType = wrapper.cfbundle; includeInIndex = 0; path = M2_natif_iosTests.xctest; sourceTree = BUILT_PRODUCTS_DIR; };
		E909E0302CB51B6300E66E3E /* M2_natif_iosUITests.xctest */ = {isa = PBXFileReference; explicitFileType = wrapper.cfbundle; includeInIndex = 0; path = M2_natif_iosUITests.xctest; sourceTree = BUILT_PRODUCTS_DIR; };
		E9187EB22CB5756F00FC745E /* answers.md */ = {isa = PBXFileReference; lastKnownFileType = net.daringfireball.markdown; path = answers.md; sourceTree = "<group>"; };
		E9FF91462D00924400164D2F /* pres_swiftui_animation.pdf */ = {isa = PBXFileReference; lastKnownFileType = image.pdf; path = pres_swiftui_animation.pdf; sourceTree = "<group>"; };
/* End PBXFileReference section */

/* Begin PBXFileSystemSynchronizedRootGroup section */
		E909E0182CB51B5500E66E3E /* M2_natif_ios */ = {
			isa = PBXFileSystemSynchronizedRootGroup;
			path = M2_natif_ios;
			sourceTree = "<group>";
		};
		E909E0292CB51B6300E66E3E /* M2_natif_iosTests */ = {
			isa = PBXFileSystemSynchronizedRootGroup;
			path = M2_natif_iosTests;
			sourceTree = "<group>";
		};
		E909E0332CB51B6300E66E3E /* M2_natif_iosUITests */ = {
			isa = PBXFileSystemSynchronizedRootGroup;
			path = M2_natif_iosUITests;
			sourceTree = "<group>";
		};
/* End PBXFileSystemSynchronizedRootGroup section */

/* Begin PBXFrameworksBuildPhase section */
		E909E0132CB51B5500E66E3E /* Frameworks */ = {
			isa = PBXFrameworksBuildPhase;
			buildActionMask = 2147483647;
			files = (
			);
			runOnlyForDeploymentPostprocessing = 0;
		};
		E909E0232CB51B6300E66E3E /* Frameworks */ = {
			isa = PBXFrameworksBuildPhase;
			buildActionMask = 2147483647;
			files = (
			);
			runOnlyForDeploymentPostprocessing = 0;
		};
		E909E02D2CB51B6300E66E3E /* Frameworks */ = {
			isa = PBXFrameworksBuildPhase;
			buildActionMask = 2147483647;
			files = (
			);
			runOnlyForDeploymentPostprocessing = 0;
		};
/* End PBXFrameworksBuildPhase section */

/* Begin PBXGroup section */
		E909E00D2CB51B5500E66E3E = {
			isa = PBXGroup;
			children = (
				E909E0182CB51B5500E66E3E /* M2_natif_ios */,
				E909E0292CB51B6300E66E3E /* M2_natif_iosTests */,
				E909E0332CB51B6300E66E3E /* M2_natif_iosUITests */,
				E909E0172CB51B5500E66E3E /* Products */,
				E9187EB22CB5756F00FC745E /* answers.md */,
				E9FF91462D00924400164D2F /* pres_swiftui_animation.pdf */,
			);
			sourceTree = "<group>";
		};
		E909E0172CB51B5500E66E3E /* Products */ = {
			isa = PBXGroup;
			children = (
				E909E0162CB51B5500E66E3E /* M2_natif_ios.app */,
				E909E0262CB51B6300E66E3E /* M2_natif_iosTests.xctest */,
				E909E0302CB51B6300E66E3E /* M2_natif_iosUITests.xctest */,
			);
			name = Products;
			sourceTree = "<group>";
		};
/* End PBXGroup section */

/* Begin PBXNativeTarget section */
		E909E0152CB51B5500E66E3E /* M2_natif_ios */ = {
			isa = PBXNativeTarget;
			buildConfigurationList = E909E03A2CB51B6400E66E3E /* Build configuration list for PBXNativeTarget "M2_natif_ios" */;
			buildPhases = (
				E909E0122CB51B5500E66E3E /* Sources */,
				E909E0132CB51B5500E66E3E /* Frameworks */,
				E909E0142CB51B5500E66E3E /* Resources */,
			);
			buildRules = (
			);
			dependencies = (
			);
			fileSystemSynchronizedGroups = (
				E909E0182CB51B5500E66E3E /* M2_natif_ios */,
			);
			name = M2_natif_ios;
			packageProductDependencies = (
			);
			productName = M2_natif_ios;
			productReference = E909E0162CB51B5500E66E3E /* M2_natif_ios.app */;
			productType = "com.apple.product-type.application";
		};
		E909E0252CB51B6300E66E3E /* M2_natif_iosTests */ = {
			isa = PBXNativeTarget;
			buildConfigurationList = E909E03D2CB51B6400E66E3E /* Build configuration list for PBXNativeTarget "M2_natif_iosTests" */;
			buildPhases = (
				E909E0222CB51B6300E66E3E /* Sources */,
				E909E0232CB51B6300E66E3E /* Frameworks */,
				E909E0242CB51B6300E66E3E /* Resources */,
			);
			buildRules = (
			);
			dependencies = (
				E909E0282CB51B6300E66E3E /* PBXTargetDependency */,
			);
			fileSystemSynchronizedGroups = (
				E909E0292CB51B6300E66E3E /* M2_natif_iosTests */,
			);
			name = M2_natif_iosTests;
			packageProductDependencies = (
			);
			productName = M2_natif_iosTests;
			productReference = E909E0262CB51B6300E66E3E /* M2_natif_iosTests.xctest */;
			productType = "com.apple.product-type.bundle.unit-test";
		};
		E909E02F2CB51B6300E66E3E /* M2_natif_iosUITests */ = {
			isa = PBXNativeTarget;
			buildConfigurationList = E909E0402CB51B6400E66E3E /* Build configuration list for PBXNativeTarget "M2_natif_iosUITests" */;
			buildPhases = (
				E909E02C2CB51B6300E66E3E /* Sources */,
				E909E02D2CB51B6300E66E3E /* Frameworks */,
				E909E02E2CB51B6300E66E3E /* Resources */,
			);
			buildRules = (
			);
			dependencies = (
				E909E0322CB51B6300E66E3E /* PBXTargetDependency */,
			);
			fileSystemSynchronizedGroups = (
				E909E0332CB51B6300E66E3E /* M2_natif_iosUITests */,
			);
			name = M2_natif_iosUITests;
			packageProductDependencies = (
			);
			productName = M2_natif_iosUITests;
			productReference = E909E0302CB51B6300E66E3E /* M2_natif_iosUITests.xctest */;
			productType = "com.apple.product-type.bundle.ui-testing";
		};
/* End PBXNativeTarget section */

/* Begin PBXProject section */
		E909E00E2CB51B5500E66E3E /* Project object */ = {
			isa = PBXProject;
			attributes = {
				BuildIndependentTargetsInParallel = 1;
				LastSwiftUpdateCheck = 1600;
				LastUpgradeCheck = 1600;
				TargetAttributes = {
					E909E0152CB51B5500E66E3E = {
						CreatedOnToolsVersion = 16.0;
					};
					E909E0252CB51B6300E66E3E = {
						CreatedOnToolsVersion = 16.0;
						TestTargetID = E909E0152CB51B5500E66E3E;
					};
					E909E02F2CB51B6300E66E3E = {
						CreatedOnToolsVersion = 16.0;
						TestTargetID = E909E0152CB51B5500E66E3E;
					};
				};
			};
			buildConfigurationList = E909E0112CB51B5500E66E3E /* Build configuration list for PBXProject "M2_natif_ios" */;
			developmentRegion = en;
			hasScannedForEncodings = 0;
			knownRegions = (
				en,
				Base,
			);
			mainGroup = E909E00D2CB51B5500E66E3E;
			minimizedProjectReferenceProxies = 1;
			preferredProjectObjectVersion = 77;
			productRefGroup = E909E0172CB51B5500E66E3E /* Products */;
			projectDirPath = "";
			projectRoot = "";
			targets = (
				E909E0152CB51B5500E66E3E /* M2_natif_ios */,
				E909E0252CB51B6300E66E3E /* M2_natif_iosTests */,
				E909E02F2CB51B6300E66E3E /* M2_natif_iosUITests */,
			);
		};
/* End PBXProject section */

/* Begin PBXResourcesBuildPhase section */
		E909E0142CB51B5500E66E3E /* Resources */ = {
			isa = PBXResourcesBuildPhase;
			buildActionMask = 2147483647;
			files = (
				E9FF91472D00924400164D2F /* pres_swiftui_animation.pdf in Resources */,
				E9187EB42CB5757900FC745E /* answers.md in Resources */,
			);
			runOnlyForDeploymentPostprocessing = 0;
		};
		E909E0242CB51B6300E66E3E /* Resources */ = {
			isa = PBXResourcesBuildPhase;
			buildActionMask = 2147483647;
			files = (
			);
			runOnlyForDeploymentPostprocessing = 0;
		};
		E909E02E2CB51B6300E66E3E /* Resources */ = {
			isa = PBXResourcesBuildPhase;
			buildActionMask = 2147483647;
			files = (
			);
			runOnlyForDeploymentPostprocessing = 0;
		};
/* End PBXResourcesBuildPhase section */

/* Begin PBXSourcesBuildPhase section */
		E909E0122CB51B5500E66E3E /* Sources */ = {
			isa = PBXSourcesBuildPhase;
			buildActionMask = 2147483647;
			files = (
			);
			runOnlyForDeploymentPostprocessing = 0;
		};
		E909E0222CB51B6300E66E3E /* Sources */ = {
			isa = PBXSourcesBuildPhase;
			buildActionMask = 2147483647;
			files = (
			);
			runOnlyForDeploymentPostprocessing = 0;
		};
		E909E02C2CB51B6300E66E3E /* Sources */ = {
			isa = PBXSourcesBuildPhase;
			buildActionMask = 2147483647;
			files = (
			);
			runOnlyForDeploymentPostprocessing = 0;
		};
/* End PBXSourcesBuildPhase section */

/* Begin PBXTargetDependency section */
		E909E0282CB51B6300E66E3E /* PBXTargetDependency */ = {
			isa = PBXTargetDependency;
			target = E909E0152CB51B5500E66E3E /* M2_natif_ios */;
			targetProxy = E909E0272CB51B6300E66E3E /* PBXContainerItemProxy */;
		};
		E909E0322CB51B6300E66E3E /* PBXTargetDependency */ = {
			isa = PBXTargetDependency;
			target = E909E0152CB51B5500E66E3E /* M2_natif_ios */;
			targetProxy = E909E0312CB51B6300E66E3E /* PBXContainerItemProxy */;
		};
/* End PBXTargetDependency section */

/* Begin XCBuildConfiguration section */
		E909E0382CB51B6400E66E3E /* Debug */ = {
			isa = XCBuildConfiguration;
			buildSettings = {
				ALWAYS_SEARCH_USER_PATHS = NO;
				ASSETCATALOG_COMPILER_GENERATE_SWIFT_ASSET_SYMBOL_EXTENSIONS = YES;
				CLANG_ANALYZER_NONNULL = YES;
				CLANG_ANALYZER_NUMBER_OBJECT_CONVERSION = YES_AGGRESSIVE;
				CLANG_CXX_LANGUAGE_STANDARD = "gnu++20";
				CLANG_ENABLE_MODULES = YES;
				CLANG_ENABLE_OBJC_ARC = YES;
				CLANG_ENABLE_OBJC_WEAK = YES;
				CLANG_WARN_BLOCK_CAPTURE_AUTORELEASING = YES;
				CLANG_WARN_BOOL_CONVERSION = YES;
				CLANG_WARN_COMMA = YES;
				CLANG_WARN_CONSTANT_CONVERSION = YES;
				CLANG_WARN_DEPRECATED_OBJC_IMPLEMENTATIONS = YES;
				CLANG_WARN_DIRECT_OBJC_ISA_USAGE = YES_ERROR;
				CLANG_WARN_DOCUMENTATION_COMMENTS = YES;
				CLANG_WARN_EMPTY_BODY = YES;
				CLANG_WARN_ENUM_CONVERSION = YES;
				CLANG_WARN_INFINITE_RECURSION = YES;
				CLANG_WARN_INT_CONVERSION = YES;
				CLANG_WARN_NON_LITERAL_NULL_CONVERSION = YES;
				CLANG_WARN_OBJC_IMPLICIT_RETAIN_SELF = YES;
				CLANG_WARN_OBJC_LITERAL_CONVERSION = YES;
				CLANG_WARN_OBJC_ROOT_CLASS = YES_ERROR;
				CLANG_WARN_QUOTED_INCLUDE_IN_FRAMEWORK_HEADER = YES;
				CLANG_WARN_RANGE_LOOP_ANALYSIS = YES;
				CLANG_WARN_STRICT_PROTOTYPES = YES;
				CLANG_WARN_SUSPICIOUS_MOVE = YES;
				CLANG_WARN_UNGUARDED_AVAILABILITY = YES_AGGRESSIVE;
				CLANG_WARN_UNREACHABLE_CODE = YES;
				CLANG_WARN__DUPLICATE_METHOD_MATCH = YES;
				COPY_PHASE_STRIP = NO;
				DEBUG_INFORMATION_FORMAT = dwarf;
				ENABLE_STRICT_OBJC_MSGSEND = YES;
				ENABLE_TESTABILITY = YES;
				ENABLE_USER_SCRIPT_SANDBOXING = YES;
				GCC_C_LANGUAGE_STANDARD = gnu17;
				GCC_DYNAMIC_NO_PIC = NO;
				GCC_NO_COMMON_BLOCKS = YES;
				GCC_OPTIMIZATION_LEVEL = 0;
				GCC_PREPROCESSOR_DEFINITIONS = (
					"DEBUG=1",
					"$(inherited)",
				);
				GCC_WARN_64_TO_32_BIT_CONVERSION = YES;
				GCC_WARN_ABOUT_RETURN_TYPE = YES_ERROR;
				GCC_WARN_UNDECLARED_SELECTOR = YES;
				GCC_WARN_UNINITIALIZED_AUTOS = YES_AGGRESSIVE;
				GCC_WARN_UNUSED_FUNCTION = YES;
				GCC_WARN_UNUSED_VARIABLE = YES;
				IPHONEOS_DEPLOYMENT_TARGET = 18.0;
				LOCALIZATION_PREFERS_STRING_CATALOGS = YES;
				MTL_ENABLE_DEBUG_INFO = INCLUDE_SOURCE;
				MTL_FAST_MATH = YES;
				ONLY_ACTIVE_ARCH = YES;
				SDKROOT = iphoneos;
				SWIFT_ACTIVE_COMPILATION_CONDITIONS = "DEBUG $(inherited)";
				SWIFT_OPTIMIZATION_LEVEL = "-Onone";
			};
			name = Debug;
		};
		E909E0392CB51B6400E66E3E /* Release */ = {
			isa = XCBuildConfiguration;
			buildSettings = {
				ALWAYS_SEARCH_USER_PATHS = NO;
				ASSETCATALOG_COMPILER_GENERATE_SWIFT_ASSET_SYMBOL_EXTENSIONS = YES;
				CLANG_ANALYZER_NONNULL = YES;
				CLANG_ANALYZER_NUMBER_OBJECT_CONVERSION = YES_AGGRESSIVE;
				CLANG_CXX_LANGUAGE_STANDARD = "gnu++20";
				CLANG_ENABLE_MODULES = YES;
				CLANG_ENABLE_OBJC_ARC = YES;
				CLANG_ENABLE_OBJC_WEAK = YES;
				CLANG_WARN_BLOCK_CAPTURE_AUTORELEASING = YES;
				CLANG_WARN_BOOL_CONVERSION = YES;
				CLANG_WARN_COMMA = YES;
				CLANG_WARN_CONSTANT_CONVERSION = YES;
				CLANG_WARN_DEPRECATED_OBJC_IMPLEMENTATIONS = YES;
				CLANG_WARN_DIRECT_OBJC_ISA_USAGE = YES_ERROR;
				CLANG_WARN_DOCUMENTATION_COMMENTS = YES;
				CLANG_WARN_EMPTY_BODY = YES;
				CLANG_WARN_ENUM_CONVERSION = YES;
				CLANG_WARN_INFINITE_RECURSION = YES;
				CLANG_WARN_INT_CONVERSION = YES;
				CLANG_WARN_NON_LITERAL_NULL_CONVERSION = YES;
				CLANG_WARN_OBJC_IMPLICIT_RETAIN_SELF = YES;
				CLANG_WARN_OBJC_LITERAL_CONVERSION = YES;
				CLANG_WARN_OBJC_ROOT_CLASS = YES_ERROR;
				CLANG_WARN_QUOTED_INCLUDE_IN_FRAMEWORK_HEADER = YES;
				CLANG_WARN_RANGE_LOOP_ANALYSIS = YES;
				CLANG_WARN_STRICT_PROTOTYPES = YES;
				CLANG_WARN_SUSPICIOUS_MOVE = YES;
				CLANG_WARN_UNGUARDED_AVAILABILITY = YES_AGGRESSIVE;
				CLANG_WARN_UNREACHABLE_CODE = YES;
				CLANG_WARN__DUPLICATE_METHOD_MATCH = YES;
				COPY_PHASE_STRIP = NO;
				DEBUG_INFORMATION_FORMAT = "dwarf-with-dsym";
				ENABLE_NS_ASSERTIONS = NO;
				ENABLE_STRICT_OBJC_MSGSEND = YES;
				ENABLE_USER_SCRIPT_SANDBOXING = YES;
				GCC_C_LANGUAGE_STANDARD = gnu17;
				GCC_NO_COMMON_BLOCKS = YES;
				GCC_WARN_64_TO_32_BIT_CONVERSION = YES;
				GCC_WARN_ABOUT_RETURN_TYPE = YES_ERROR;
				GCC_WARN_UNDECLARED_SELECTOR = YES;
				GCC_WARN_UNINITIALIZED_AUTOS = YES_AGGRESSIVE;
				GCC_WARN_UNUSED_FUNCTION = YES;
				GCC_WARN_UNUSED_VARIABLE = YES;
				IPHONEOS_DEPLOYMENT_TARGET = 18.0;
				LOCALIZATION_PREFERS_STRING_CATALOGS = YES;
				MTL_ENABLE_DEBUG_INFO = NO;
				MTL_FAST_MATH = YES;
				SDKROOT = iphoneos;
				SWIFT_COMPILATION_MODE = wholemodule;
				VALIDATE_PRODUCT = YES;
			};
			name = Release;
		};
		E909E03B2CB51B6400E66E3E /* Debug */ = {
			isa = XCBuildConfiguration;
			buildSettings = {
				ASSETCATALOG_COMPILER_APPICON_NAME = AppIcon;
				ASSETCATALOG_COMPILER_GLOBAL_ACCENT_COLOR_NAME = AccentColor;
				CODE_SIGN_STYLE = Automatic;
				CURRENT_PROJECT_VERSION = 1;
				DEVELOPMENT_ASSET_PATHS = "\"M2_natif_ios/Preview Content\"";
				DEVELOPMENT_TEAM = BJMD2YK257;
				ENABLE_PREVIEWS = YES;
				GENERATE_INFOPLIST_FILE = YES;
				INFOPLIST_KEY_UIApplicationSceneManifest_Generation = YES;
				INFOPLIST_KEY_UIApplicationSupportsIndirectInputEvents = YES;
				INFOPLIST_KEY_UILaunchScreen_Generation = YES;
				INFOPLIST_KEY_UISupportedInterfaceOrientations_iPad = "UIInterfaceOrientationPortrait UIInterfaceOrientationPortraitUpsideDown UIInterfaceOrientationLandscapeLeft UIInterfaceOrientationLandscapeRight";
				INFOPLIST_KEY_UISupportedInterfaceOrientations_iPhone = "UIInterfaceOrientationPortrait UIInterfaceOrientationLandscapeLeft UIInterfaceOrientationLandscapeRight";
				LD_RUNPATH_SEARCH_PATHS = (
					"$(inherited)",
					"@executable_path/Frameworks",
				);
				MARKETING_VERSION = 1.0;
				PRODUCT_BUNDLE_IDENTIFIER = "fr.lp-dim.swift.M2-natif-ios";
				PRODUCT_NAME = "$(TARGET_NAME)";
				SWIFT_EMIT_LOC_STRINGS = YES;
				SWIFT_VERSION = 5.0;
				TARGETED_DEVICE_FAMILY = "1,2";
			};
			name = Debug;
		};
		E909E03C2CB51B6400E66E3E /* Release */ = {
			isa = XCBuildConfiguration;
			buildSettings = {
				ASSETCATALOG_COMPILER_APPICON_NAME = AppIcon;
				ASSETCATALOG_COMPILER_GLOBAL_ACCENT_COLOR_NAME = AccentColor;
				CODE_SIGN_STYLE = Automatic;
				CURRENT_PROJECT_VERSION = 1;
				DEVELOPMENT_ASSET_PATHS = "\"M2_natif_ios/Preview Content\"";
				DEVELOPMENT_TEAM = BJMD2YK257;
				ENABLE_PREVIEWS = YES;
				GENERATE_INFOPLIST_FILE = YES;
				INFOPLIST_KEY_UIApplicationSceneManifest_Generation = YES;
				INFOPLIST_KEY_UIApplicationSupportsIndirectInputEvents = YES;
				INFOPLIST_KEY_UILaunchScreen_Generation = YES;
				INFOPLIST_KEY_UISupportedInterfaceOrientations_iPad = "UIInterfaceOrientationPortrait UIInterfaceOrientationPortraitUpsideDown UIInterfaceOrientationLandscapeLeft UIInterfaceOrientationLandscapeRight";
				INFOPLIST_KEY_UISupportedInterfaceOrientations_iPhone = "UIInterfaceOrientationPortrait UIInterfaceOrientationLandscapeLeft UIInterfaceOrientationLandscapeRight";
				LD_RUNPATH_SEARCH_PATHS = (
					"$(inherited)",
					"@executable_path/Frameworks",
				);
				MARKETING_VERSION = 1.0;
				PRODUCT_BUNDLE_IDENTIFIER = "fr.lp-dim.swift.M2-natif-ios";
				PRODUCT_NAME = "$(TARGET_NAME)";
				SWIFT_EMIT_LOC_STRINGS = YES;
				SWIFT_VERSION = 5.0;
				TARGETED_DEVICE_FAMILY = "1,2";
			};
			name = Release;
		};
		E909E03E2CB51B6400E66E3E /* Debug */ = {
			isa = XCBuildConfiguration;
			buildSettings = {
				BUNDLE_LOADER = "$(TEST_HOST)";
				CODE_SIGN_STYLE = Automatic;
				CURRENT_PROJECT_VERSION = 1;
				GENERATE_INFOPLIST_FILE = YES;
				IPHONEOS_DEPLOYMENT_TARGET = 18.0;
				MARKETING_VERSION = 1.0;
				PRODUCT_BUNDLE_IDENTIFIER = "fr.lp-dim.swift.M2-natif-iosTests";
				PRODUCT_NAME = "$(TARGET_NAME)";
				SWIFT_EMIT_LOC_STRINGS = NO;
				SWIFT_VERSION = 5.0;
				TARGETED_DEVICE_FAMILY = "1,2";
				TEST_HOST = "$(BUILT_PRODUCTS_DIR)/M2_natif_ios.app/$(BUNDLE_EXECUTABLE_FOLDER_PATH)/M2_natif_ios";
			};
			name = Debug;
		};
		E909E03F2CB51B6400E66E3E /* Release */ = {
			isa = XCBuildConfiguration;
			buildSettings = {
				BUNDLE_LOADER = "$(TEST_HOST)";
				CODE_SIGN_STYLE = Automatic;
				CURRENT_PROJECT_VERSION = 1;
				GENERATE_INFOPLIST_FILE = YES;
				IPHONEOS_DEPLOYMENT_TARGET = 18.0;
				MARKETING_VERSION = 1.0;
				PRODUCT_BUNDLE_IDENTIFIER = "fr.lp-dim.swift.M2-natif-iosTests";
				PRODUCT_NAME = "$(TARGET_NAME)";
				SWIFT_EMIT_LOC_STRINGS = NO;
				SWIFT_VERSION = 5.0;
				TARGETED_DEVICE_FAMILY = "1,2";
				TEST_HOST = "$(BUILT_PRODUCTS_DIR)/M2_natif_ios.app/$(BUNDLE_EXECUTABLE_FOLDER_PATH)/M2_natif_ios";
			};
			name = Release;
		};
		E909E0412CB51B6400E66E3E /* Debug */ = {
			isa = XCBuildConfiguration;
			buildSettings = {
				CODE_SIGN_STYLE = Automatic;
				CURRENT_PROJECT_VERSION = 1;
				GENERATE_INFOPLIST_FILE = YES;
				MARKETING_VERSION = 1.0;
				PRODUCT_BUNDLE_IDENTIFIER = "fr.lp-dim.swift.M2-natif-iosUITests";
				PRODUCT_NAME = "$(TARGET_NAME)";
				SWIFT_EMIT_LOC_STRINGS = NO;
				SWIFT_VERSION = 5.0;
				TARGETED_DEVICE_FAMILY = "1,2";
				TEST_TARGET_NAME = M2_natif_ios;
			};
			name = Debug;
		};
		E909E0422CB51B6400E66E3E /* Release */ = {
			isa = XCBuildConfiguration;
			buildSettings = {
				CODE_SIGN_STYLE = Automatic;
				CURRENT_PROJECT_VERSION = 1;
				GENERATE_INFOPLIST_FILE = YES;
				MARKETING_VERSION = 1.0;
				PRODUCT_BUNDLE_IDENTIFIER = "fr.lp-dim.swift.M2-natif-iosUITests";
				PRODUCT_NAME = "$(TARGET_NAME)";
				SWIFT_EMIT_LOC_STRINGS = NO;
				SWIFT_VERSION = 5.0;
				TARGETED_DEVICE_FAMILY = "1,2";
				TEST_TARGET_NAME = M2_natif_ios;
			};
			name = Release;
		};
/* End XCBuildConfiguration section */

/* Begin XCConfigurationList section */
		E909E0112CB51B5500E66E3E /* Build configuration list for PBXProject "M2_natif_ios" */ = {
			isa = XCConfigurationList;
			buildConfigurations = (
				E909E0382CB51B6400E66E3E /* Debug */,
				E909E0392CB51B6400E66E3E /* Release */,
			);
			defaultConfigurationIsVisible = 0;
			defaultConfigurationName = Release;
		};
		E909E03A2CB51B6400E66E3E /* Build configuration list for PBXNativeTarget "M2_natif_ios" */ = {
			isa = XCConfigurationList;
			buildConfigurations = (
				E909E03B2CB51B6400E66E3E /* Debug */,
				E909E03C2CB51B6400E66E3E /* Release */,
			);
			defaultConfigurationIsVisible = 0;
			defaultConfigurationName = Release;
		};
		E909E03D2CB51B6400E66E3E /* Build configuration list for PBXNativeTarget "M2_natif_iosTests" */ = {
			isa = XCConfigurationList;
			buildConfigurations = (
				E909E03E2CB51B6400E66E3E /* Debug */,
				E909E03F2CB51B6400E66E3E /* Release */,
			);
			defaultConfigurationIsVisible = 0;
			defaultConfigurationName = Release;
		};
		E909E0402CB51B6400E66E3E /* Build configuration list for PBXNativeTarget "M2_natif_iosUITests" */ = {
			isa = XCConfigurationList;
			buildConfigurations = (
				E909E0412CB51B6400E66E3E /* Debug */,
				E909E0422CB51B6400E66E3E /* Release */,
			);
			defaultConfigurationIsVisible = 0;
			defaultConfigurationName = Release;
		};
/* End XCConfigurationList section */
	};
	rootObject = E909E00E2CB51B5500E66E3E /* Project object */;
}
